PODS:
  - SVSegmentedControl (0.1.0)

DEPENDENCIES:
  - SVSegmentedControl (from `../`)

EXTERNAL SOURCES:
  SVSegmentedControl:
    :path: "../"

SPEC CHECKSUMS:
  SVSegmentedControl: 9a84f37927ae31de5314dbafa0c076e1d536aeee

PODFILE CHECKSUM: 9b9a8fecdd425b7cc169b0b24036a7d9f863fcda

COCOAPODS: 1.2.1
